
Microsoft Visual Studio Solution File, Format Version 12.00
# Visual Studio 2012
Project("{FAE04EC0-301F-11D3-BF4B-00C04F79EFBC}") = "hackerrank_fraud_prevention", "hackerrank_fraud_prevention\hackerrank_fraud_prevention.csproj", "{03DC76AB-6E48-488F-8959-8EA22D1ACE0E}"
EndProject
Global
	GlobalSection(SolutionConfigurationPlatforms) = preSolution
		Debug|Any CPU = Debug|Any CPU
		Release|Any CPU = Release|Any CPU
	EndGlobalSection
	GlobalSection(ProjectConfigurationPlatforms) = postSolution
		{03DC76AB-6E48-488F-8959-8EA22D1ACE0E}.Debug|Any CPU.ActiveCfg = Debug|Any CPU
		{03DC76AB-6E48-488F-8959-8EA22D1ACE0E}.Debug|Any CPU.Build.0 = Debug|Any CPU
		{03DC76AB-6E48-488F-8959-8EA22D1ACE0E}.Release|Any CPU.ActiveCfg = Release|Any CPU
		{03DC76AB-6E48-488F-8959-8EA22D1ACE0E}.Release|Any CPU.Build.0 = Release|Any CPU
	EndGlobalSection
	GlobalSection(SolutionProperties) = preSolution
		HideSolutionNode = FALSE
	EndGlobalSection
EndGlobal
