
Microsoft Visual Studio Solution File, Format Version 12.00
# Visual Studio 2012
Project("{FAE04EC0-301F-11D3-BF4B-00C04F79EFBC}") = "hackerrank_flower", "hackerrank_flower\hackerrank_flower.csproj", "{91AA8A4A-75AC-41F1-998B-047E1680C87B}"
EndProject
Global
	GlobalSection(SolutionConfigurationPlatforms) = preSolution
		Debug|Any CPU = Debug|Any CPU
		Release|Any CPU = Release|Any CPU
	EndGlobalSection
	GlobalSection(ProjectConfigurationPlatforms) = postSolution
		{91AA8A4A-75AC-41F1-998B-047E1680C87B}.Debug|Any CPU.ActiveCfg = Debug|Any CPU
		{91AA8A4A-75AC-41F1-998B-047E1680C87B}.Debug|Any CPU.Build.0 = Debug|Any CPU
		{91AA8A4A-75AC-41F1-998B-047E1680C87B}.Release|Any CPU.ActiveCfg = Release|Any CPU
		{91AA8A4A-75AC-41F1-998B-047E1680C87B}.Release|Any CPU.Build.0 = Release|Any CPU
	EndGlobalSection
	GlobalSection(SolutionProperties) = preSolution
		HideSolutionNode = FALSE
	EndGlobalSection
EndGlobal
