
Microsoft Visual Studio Solution File, Format Version 12.00
# Visual Studio 2012
Project("{FAE04EC0-301F-11D3-BF4B-00C04F79EFBC}") = "hackerrank_common_child", "hackerrank_common_child\hackerrank_common_child.csproj", "{247F7C91-1260-4E8E-83F9-3A0FF046257C}"
EndProject
Global
	GlobalSection(SolutionConfigurationPlatforms) = preSolution
		Debug|Any CPU = Debug|Any CPU
		Release|Any CPU = Release|Any CPU
	EndGlobalSection
	GlobalSection(ProjectConfigurationPlatforms) = postSolution
		{247F7C91-1260-4E8E-83F9-3A0FF046257C}.Debug|Any CPU.ActiveCfg = Debug|Any CPU
		{247F7C91-1260-4E8E-83F9-3A0FF046257C}.Debug|Any CPU.Build.0 = Debug|Any CPU
		{247F7C91-1260-4E8E-83F9-3A0FF046257C}.Release|Any CPU.ActiveCfg = Release|Any CPU
		{247F7C91-1260-4E8E-83F9-3A0FF046257C}.Release|Any CPU.Build.0 = Release|Any CPU
	EndGlobalSection
	GlobalSection(SolutionProperties) = preSolution
		HideSolutionNode = FALSE
	EndGlobalSection
EndGlobal
